@EXPLICIT
https://conda.anaconda.org/conda-forge/noarch/affine-2.4.0-pyhd8ed1ab_1.conda
https://conda.anaconda.org/conda-forge/osx-64/aom-3.9.1-hf036a51_0.conda
https://conda.anaconda.org/conda-forge/noarch/asciitree-0.3.3-py_2.tar.bz2
https://conda.anaconda.org/conda-forge/noarch/attrs-25.1.0-pyh71513ae_0.conda
https://conda.anaconda.org/conda-forge/osx-64/blosc-1.21.6-hd145fbb_1.conda
https://conda.anaconda.org/conda-forge/osx-64/brotli-python-1.1.0-py39h7c0e7c0_2.conda
https://conda.anaconda.org/conda-forge/osx-64/bzip2-1.0.8-hfdf4475_7.conda
https://conda.anaconda.org/conda-forge/osx-64/c-ares-1.34.4-hf13058a_0.conda
https://conda.anaconda.org/conda-forge/osx-64/ca-certificates-2025.1.31-h8857fd0_0.conda
https://conda.anaconda.org/conda-forge/osx-64/cairo-1.18.2-h950ec3b_1.conda
https://conda.anaconda.org/conda-forge/noarch/certifi-2025.1.31-pyhd8ed1ab_0.conda
https://conda.anaconda.org/conda-forge/osx-64/cffi-1.17.1-py39h8ddeee6_0.conda
https://conda.anaconda.org/conda-forge/osx-64/cftime-1.6.4-py39hff9a475_1.conda
https://conda.anaconda.org/conda-forge/noarch/click-8.1.8-pyh707e725_0.conda
https://conda.anaconda.org/conda-forge/noarch/click-plugins-1.1.1-pyhd8ed1ab_1.conda
https://conda.anaconda.org/conda-forge/noarch/cligj-0.7.2-pyhd8ed1ab_2.conda
https://conda.anaconda.org/conda-forge/noarch/colorama-0.4.6-pyhd8ed1ab_1.conda
https://conda.anaconda.org/conda-forge/osx-64/cyrus-sasl-2.1.27-hf9bab2b_7.conda
https://conda.anaconda.org/conda-forge/noarch/dash-2.3.1-pyhd8ed1ab_0.tar.bz2
https://conda.anaconda.org/conda-forge/noarch/dash-bootstrap-components-1.7.1-pyhd8ed1ab_0.conda
https://conda.anaconda.org/iridl/noarch/dash-leaflet-iri-0.0.1-py_0.tar.bz2
https://conda.anaconda.org/conda-forge/osx-64/dav1d-1.2.1-h0dc2134_0.conda
https://conda.anaconda.org/conda-forge/osx-64/dbus-1.13.6-h811a1a6_3.tar.bz2
https://conda.anaconda.org/conda-forge/noarch/editables-0.5-pyhd8ed1ab_1.conda
https://conda.anaconda.org/conda-forge/noarch/exceptiongroup-1.2.2-pyhd8ed1ab_1.conda
https://conda.anaconda.org/conda-forge/osx-64/expat-2.6.4-h240833e_0.conda
https://conda.anaconda.org/conda-forge/noarch/fasteners-0.19-pyhd8ed1ab_1.conda
https://conda.anaconda.org/conda-forge/osx-64/ffmpeg-7.1.0-gpl_hf97d1e1_110.conda
https://conda.anaconda.org/conda-forge/noarch/flask-2.1.3-pyhd8ed1ab_0.tar.bz2
https://conda.anaconda.org/conda-forge/noarch/flask-compress-1.17-pyhd8ed1ab_1.conda
https://conda.anaconda.org/conda-forge/noarch/font-ttf-dejavu-sans-mono-2.37-hab24e00_0.tar.bz2
https://conda.anaconda.org/conda-forge/noarch/font-ttf-inconsolata-3.000-h77eed37_0.tar.bz2
https://conda.anaconda.org/conda-forge/noarch/font-ttf-source-code-pro-2.038-h77eed37_0.tar.bz2
https://conda.anaconda.org/conda-forge/noarch/font-ttf-ubuntu-0.83-h77eed37_3.conda
https://conda.anaconda.org/conda-forge/osx-64/fontconfig-2.15.0-h37eeddb_1.conda
https://conda.anaconda.org/conda-forge/noarch/fonts-conda-ecosystem-1-0.tar.bz2
https://conda.anaconda.org/conda-forge/noarch/fonts-conda-forge-1-0.tar.bz2
https://conda.anaconda.org/conda-forge/osx-64/freetype-2.12.1-h60636b9_2.conda
https://conda.anaconda.org/conda-forge/osx-64/freexl-2.0.0-h3183152_2.conda
https://conda.anaconda.org/conda-forge/osx-64/fribidi-1.0.10-hbcb3906_0.tar.bz2
https://conda.anaconda.org/conda-forge/osx-64/gdk-pixbuf-2.42.12-ha587570_0.conda
https://conda.anaconda.org/conda-forge/noarch/geobuf-2.0.0-pyhd8ed1ab_0.conda
https://conda.anaconda.org/conda-forge/osx-64/geos-3.13.0-hac325c4_0.conda
https://conda.anaconda.org/conda-forge/osx-64/geotiff-1.7.4-h0978cfe_0.conda
https://conda.anaconda.org/conda-forge/osx-64/giflib-5.2.2-h10d778d_0.conda
https://conda.anaconda.org/conda-forge/osx-64/gmp-6.3.0-hf036a51_2.conda
https://conda.anaconda.org/conda-forge/osx-64/graphite2-1.3.13-h73e2aa4_1003.conda
https://conda.anaconda.org/conda-forge/osx-64/harfbuzz-10.3.0-h86b413f_0.conda
https://conda.anaconda.org/conda-forge/noarch/hatchling-1.27.0-pypyhd8ed1ab_0.conda
https://conda.anaconda.org/conda-forge/osx-64/hdf4-4.2.15-h8138101_7.conda
https://conda.anaconda.org/conda-forge/osx-64/hdf5-1.14.4-nompi_h1607680_105.conda
https://conda.anaconda.org/conda-forge/osx-64/icu-75.1-h120a0e1_0.conda
https://conda.anaconda.org/conda-forge/osx-64/imath-3.1.12-h2016aa1_0.conda
https://conda.anaconda.org/conda-forge/noarch/importlib-metadata-8.6.1-pyha770c72_0.conda
https://conda.anaconda.org/conda-forge/noarch/iniconfig-2.0.0-pyhd8ed1ab_1.conda
https://conda.anaconda.org/conda-forge/noarch/itsdangerous-2.2.0-pyhd8ed1ab_1.conda
https://conda.anaconda.org/conda-forge/osx-64/jasper-4.2.4-hb10263b_0.conda
https://conda.anaconda.org/conda-forge/noarch/jinja2-3.1.5-pyhd8ed1ab_0.conda
https://conda.anaconda.org/conda-forge/osx-64/json-c-0.18-hc62ec3d_0.conda
https://conda.anaconda.org/conda-forge/osx-64/krb5-1.21.3-h37d8d59_0.conda
https://conda.anaconda.org/conda-forge/osx-64/lame-3.100-hb7f2c08_1003.tar.bz2
https://conda.anaconda.org/conda-forge/osx-64/lerc-4.0.0-hb486fe8_0.tar.bz2
https://conda.anaconda.org/conda-forge/osx-64/libabseil-20240722.0-cxx17_h0e468a2_4.conda
https://conda.anaconda.org/conda-forge/osx-64/libaec-1.1.3-h73e2aa4_0.conda
https://conda.anaconda.org/conda-forge/osx-64/libarchive-3.7.7-h1a33361_3.conda
https://conda.anaconda.org/conda-forge/osx-64/libasprintf-0.23.1-h27064b9_0.conda
https://conda.anaconda.org/conda-forge/osx-64/libass-0.17.3-h07fa1ac_1.conda
https://conda.anaconda.org/conda-forge/osx-64/libavif16-1.1.1-h71406da_2.conda
https://conda.anaconda.org/conda-forge/osx-64/libblas-3.9.0-31_h7f60823_openblas.conda
https://conda.anaconda.org/conda-forge/osx-64/libcblas-3.9.0-31_hff6cab4_openblas.conda
https://conda.anaconda.org/conda-forge/osx-64/libcurl-8.12.1-h5dec5d8_0.conda
https://conda.anaconda.org/conda-forge/osx-64/libcxx-19.1.7-hf95d169_0.conda
https://conda.anaconda.org/conda-forge/osx-64/libde265-1.0.15-h7728843_0.conda
https://conda.anaconda.org/conda-forge/osx-64/libdeflate-1.23-he65b83e_0.conda
https://conda.anaconda.org/conda-forge/osx-64/libedit-3.1.20250104-pl5321ha958ccf_0.conda
https://conda.anaconda.org/conda-forge/osx-64/libev-4.33-h10d778d_2.conda
https://conda.anaconda.org/conda-forge/osx-64/libexpat-2.6.4-h240833e_0.conda
https://conda.anaconda.org/conda-forge/osx-64/libffi-3.4.6-h281671d_0.conda
https://conda.anaconda.org/conda-forge/osx-64/libgdal-core-3.10.2-ha746336_0.conda
https://conda.anaconda.org/conda-forge/osx-64/libgettextpo-0.23.1-h27064b9_0.conda
https://conda.anaconda.org/conda-forge/osx-64/libgfortran-5.0.0-13_2_0_h97931a8_3.conda
https://conda.anaconda.org/conda-forge/osx-64/libgfortran5-13.2.0-h2873a65_3.conda
https://conda.anaconda.org/conda-forge/osx-64/libglib-2.82.2-h5c976ab_1.conda
https://conda.anaconda.org/conda-forge/osx-64/libheif-1.19.5-gpl_hc62a4a2_100.conda
https://conda.anaconda.org/conda-forge/osx-64/libhwloc-2.11.2-default_h4cdd727_1001.conda
https://conda.anaconda.org/conda-forge/osx-64/libiconv-1.18-h4b5e92a_1.conda
https://conda.anaconda.org/conda-forge/osx-64/libintl-0.23.1-h27064b9_0.conda
https://conda.anaconda.org/conda-forge/osx-64/libjpeg-turbo-3.0.0-h0dc2134_1.conda
https://conda.anaconda.org/conda-forge/osx-64/libkml-1.3.0-h9ee1731_1021.conda
https://conda.anaconda.org/conda-forge/osx-64/liblapack-3.9.0-31_h236ab99_openblas.conda
https://conda.anaconda.org/conda-forge/osx-64/liblapacke-3.9.0-31_h85686d2_openblas.conda
https://conda.anaconda.org/conda-forge/osx-64/liblzma-5.6.4-hd471939_0.conda
https://conda.anaconda.org/conda-forge/osx-64/libnetcdf-4.9.2-nompi_hd7a758f_116.conda
https://conda.anaconda.org/conda-forge/osx-64/libnghttp2-1.64.0-hc7306c3_0.conda
https://conda.anaconda.org/conda-forge/osx-64/libntlm-1.8-h6e16a3a_0.conda
https://conda.anaconda.org/conda-forge/osx-64/libopenblas-0.3.29-openmp_hbf64a52_0.conda
https://conda.anaconda.org/conda-forge/osx-64/libopencv-4.10.0-headless_py39h9417a44_15.conda
https://conda.anaconda.org/conda-forge/osx-64/libopenvino-2024.6.0-h5e1b680_3.conda
https://conda.anaconda.org/conda-forge/osx-64/libopenvino-auto-batch-plugin-2024.6.0-h4464f52_3.conda
https://conda.anaconda.org/conda-forge/osx-64/libopenvino-auto-plugin-2024.6.0-h4464f52_3.conda
https://conda.anaconda.org/conda-forge/osx-64/libopenvino-hetero-plugin-2024.6.0-h3435d20_3.conda
https://conda.anaconda.org/conda-forge/osx-64/libopenvino-intel-cpu-plugin-2024.6.0-h5e1b680_3.conda
https://conda.anaconda.org/conda-forge/osx-64/libopenvino-ir-frontend-2024.6.0-h3435d20_3.conda
https://conda.anaconda.org/conda-forge/osx-64/libopenvino-onnx-frontend-2024.6.0-h40b3fd7_3.conda
https://conda.anaconda.org/conda-forge/osx-64/libopenvino-paddle-frontend-2024.6.0-h40b3fd7_3.conda
https://conda.anaconda.org/conda-forge/osx-64/libopenvino-pytorch-frontend-2024.6.0-hbcac03e_3.conda
https://conda.anaconda.org/conda-forge/osx-64/libopenvino-tensorflow-frontend-2024.6.0-hacd10b5_3.conda
https://conda.anaconda.org/conda-forge/osx-64/libopenvino-tensorflow-lite-frontend-2024.6.0-hbcac03e_3.conda
https://conda.anaconda.org/conda-forge/osx-64/libopus-1.3.1-hc929b4f_1.tar.bz2
https://conda.anaconda.org/conda-forge/osx-64/libpng-1.6.47-h3c4a55f_0.conda
https://conda.anaconda.org/conda-forge/osx-64/libpq-17.4-h9c5cfc2_0.conda
https://conda.anaconda.org/conda-forge/osx-64/libprotobuf-5.28.3-h6401091_1.conda
https://conda.anaconda.org/conda-forge/osx-64/librsvg-2.58.4-h21a6cfa_2.conda
https://conda.anaconda.org/conda-forge/osx-64/librttopo-1.1.0-hdfb80b9_17.conda
https://conda.anaconda.org/conda-forge/osx-64/libspatialite-5.1.0-h74337a0_12.conda
https://conda.anaconda.org/conda-forge/osx-64/libsqlite-3.49.1-hdb6dae5_1.conda
https://conda.anaconda.org/conda-forge/osx-64/libssh2-1.11.1-h3dc7d44_0.conda
https://conda.anaconda.org/conda-forge/osx-64/libtiff-4.7.0-hb77a491_3.conda
https://conda.anaconda.org/conda-forge/osx-64/libusb-1.0.27-h83ace79_100.conda
https://conda.anaconda.org/conda-forge/osx-64/libvpx-1.14.1-hf036a51_0.conda
https://conda.anaconda.org/conda-forge/osx-64/libwebp-base-1.5.0-h6cf52b4_0.conda
https://conda.anaconda.org/conda-forge/osx-64/libxml2-2.13.6-hebb159f_0.conda
https://conda.anaconda.org/conda-forge/osx-64/libzip-1.11.2-h31df5bb_0.conda
https://conda.anaconda.org/conda-forge/osx-64/libzlib-1.3.1-hd23fc13_2.conda
https://conda.anaconda.org/conda-forge/osx-64/llvm-openmp-19.1.7-ha54dae1_0.conda
https://conda.anaconda.org/conda-forge/osx-64/lz4-c-1.10.0-h240833e_1.conda
https://conda.anaconda.org/conda-forge/osx-64/lzo-2.10-h10d778d_1001.conda
https://conda.anaconda.org/conda-forge/osx-64/markupsafe-3.0.2-py39hd18e689_1.conda
https://conda.anaconda.org/conda-forge/osx-64/minizip-4.0.7-hfb7a1ec_3.conda
https://conda.anaconda.org/conda-forge/osx-64/msgpack-python-1.1.0-py39h0d8d0ca_0.conda
https://conda.anaconda.org/conda-forge/noarch/narwhals-1.27.1-pyhd8ed1ab_0.conda
https://conda.anaconda.org/conda-forge/osx-64/ncurses-6.5-h0622a9a_3.conda
https://conda.anaconda.org/conda-forge/osx-64/netcdf4-1.7.2-nompi_py39h618ef6c_101.conda
https://conda.anaconda.org/conda-forge/osx-64/numcodecs-0.12.1-py39h09c4c31_1.conda
https://conda.anaconda.org/conda-forge/osx-64/numpy-1.24.2-py39h6ee2318_0.conda
https://conda.anaconda.org/conda-forge/osx-64/opencv-4.10.0-headless_py39h6d85c86_15.conda
https://conda.anaconda.org/conda-forge/osx-64/openexr-3.3.2-heaa778b_1.conda
https://conda.anaconda.org/conda-forge/osx-64/openh264-2.5.0-hdfcf091_0.conda
https://conda.anaconda.org/conda-forge/osx-64/openldap-2.6.9-hd8a590d_0.conda
https://conda.anaconda.org/conda-forge/osx-64/openssl-3.4.1-hc426f3f_0.conda
https://conda.anaconda.org/conda-forge/noarch/packaging-24.2-pyhd8ed1ab_2.conda
https://conda.anaconda.org/conda-forge/osx-64/pandas-1.3.5-py39h4d6be9b_0.tar.bz2
https://conda.anaconda.org/conda-forge/osx-64/pango-1.56.1-hf94f63b_0.conda
https://conda.anaconda.org/conda-forge/noarch/pathspec-0.12.1-pyhd8ed1ab_1.conda
https://conda.anaconda.org/conda-forge/osx-64/pcre2-10.44-h7634a1b_2.conda
https://conda.anaconda.org/conda-forge/noarch/pip-25.0.1-pyh8b19718_0.conda
https://conda.anaconda.org/conda-forge/osx-64/pixman-0.44.2-h1fd1274_0.conda
https://conda.anaconda.org/conda-forge/noarch/plotly-6.0.0-pyhd8ed1ab_0.conda
https://conda.anaconda.org/conda-forge/noarch/pluggy-1.5.0-pyhd8ed1ab_1.conda
https://conda.anaconda.org/conda-forge/osx-64/proj-9.5.1-h5273da6_0.conda
https://conda.anaconda.org/conda-forge/osx-64/protobuf-5.28.3-py39hdf37715_0.conda
https://conda.anaconda.org/conda-forge/osx-64/psycopg2-2.9.9-py39hdc4deee_2.conda
https://conda.anaconda.org/conda-forge/osx-64/pugixml-1.14-he965462_0.conda
https://conda.anaconda.org/conda-forge/osx-64/py-opencv-4.10.0-headless_py39hd4e6928_15.conda
https://conda.anaconda.org/conda-forge/noarch/pycparser-2.22-pyh29332c3_1.conda
https://conda.anaconda.org/conda-forge/noarch/pyparsing-3.2.1-pyhd8ed1ab_0.conda
https://conda.anaconda.org/conda-forge/noarch/pytest-8.3.4-pyhd8ed1ab_1.conda
https://conda.anaconda.org/conda-forge/osx-64/python-3.9.21-h7fafba3_1_cpython.conda
https://conda.anaconda.org/conda-forge/noarch/python-dateutil-2.9.0.post0-pyhff2d567_1.conda
https://conda.anaconda.org/conda-forge/osx-64/python_abi-3.9-5_cp39.conda
https://conda.anaconda.org/conda-forge/noarch/pytz-2025.1-pyhd8ed1ab_0.conda
https://conda.anaconda.org/conda-forge/osx-64/pyyaml-6.0.2-py39hd18e689_2.conda
https://conda.anaconda.org/conda-forge/osx-64/rasterio-1.4.3-py39h6f170ea_0.conda
https://conda.anaconda.org/conda-forge/osx-64/rav1e-0.6.6-h7205ca4_2.conda
https://conda.anaconda.org/conda-forge/osx-64/readline-8.2-h9e318b2_1.conda
https://conda.anaconda.org/conda-forge/osx-64/sdl2-2.32.50-hc0cb955_0.conda
https://conda.anaconda.org/conda-forge/osx-64/sdl3-3.2.4-h6dd79e8_0.conda
https://conda.anaconda.org/conda-forge/osx-64/setuptools-59.8.0-py39h6e9494a_1.tar.bz2
https://conda.anaconda.org/conda-forge/osx-64/shapely-2.0.7-py39hb15469b_0.conda
https://conda.anaconda.org/conda-forge/noarch/six-1.17.0-pyhd8ed1ab_0.conda
https://conda.anaconda.org/conda-forge/osx-64/snappy-1.2.1-haf3c120_1.conda
https://conda.anaconda.org/conda-forge/noarch/snuggs-1.4.7-pyhd8ed1ab_2.conda
https://conda.anaconda.org/conda-forge/osx-64/sqlite-3.49.1-h2e4c9dc_1.conda
https://conda.anaconda.org/conda-forge/osx-64/svt-av1-2.3.0-h97d8b74_0.conda
https://conda.anaconda.org/conda-forge/osx-64/tbb-2022.0.0-h0ec6371_0.conda
https://conda.anaconda.org/conda-forge/osx-64/tk-8.6.13-h1abcd95_1.conda
https://conda.anaconda.org/conda-forge/noarch/tomli-2.2.1-pyhd8ed1ab_1.conda
https://conda.anaconda.org/conda-forge/noarch/trove-classifiers-2025.2.18.16-pyhd8ed1ab_0.conda
https://conda.anaconda.org/conda-forge/noarch/tzdata-2025a-h78e105d_0.conda
https://conda.anaconda.org/conda-forge/osx-64/uriparser-0.9.8-h6aefe2f_0.conda
https://conda.anaconda.org/conda-forge/noarch/werkzeug-2.0.3-pyhd8ed1ab_1.tar.bz2
https://conda.anaconda.org/conda-forge/noarch/wheel-0.45.1-pyhd8ed1ab_1.conda
https://conda.anaconda.org/conda-forge/osx-64/x264-1!164.3095-h775f41a_2.tar.bz2
https://conda.anaconda.org/conda-forge/osx-64/x265-3.5-hbb4e6a2_3.tar.bz2
https://conda.anaconda.org/conda-forge/noarch/xarray-2023.1.0-pyhd8ed1ab_0.conda
https://conda.anaconda.org/conda-forge/osx-64/xerces-c-3.2.5-h197e74d_2.conda
https://conda.anaconda.org/conda-forge/osx-64/yaml-0.2.5-h0d85af4_2.tar.bz2
https://conda.anaconda.org/conda-forge/noarch/zarr-2.18.2-pyhd8ed1ab_0.conda
https://conda.anaconda.org/conda-forge/noarch/zipp-3.21.0-pyhd8ed1ab_1.conda
https://conda.anaconda.org/conda-forge/osx-64/zlib-1.3.1-hd23fc13_2.conda
https://conda.anaconda.org/conda-forge/osx-64/zstandard-0.19.0-py39ha30fb19_0.tar.bz2
https://conda.anaconda.org/conda-forge/osx-64/zstd-1.5.7-h8210216_0.conda
