@EXPLICIT
https://conda.anaconda.org/conda-forge/noarch/affine-2.4.0-pyhd8ed1ab_1.conda
https://conda.anaconda.org/conda-forge/osx-arm64/aom-3.9.1-h7bae524_0.conda
https://conda.anaconda.org/conda-forge/noarch/asciitree-0.3.3-py_2.tar.bz2
https://conda.anaconda.org/conda-forge/noarch/attrs-25.1.0-pyh71513ae_0.conda
https://conda.anaconda.org/conda-forge/osx-arm64/blosc-1.21.6-h7dd00d9_1.conda
https://conda.anaconda.org/conda-forge/osx-arm64/brotli-python-1.1.0-py39hfa9831e_2.conda
https://conda.anaconda.org/conda-forge/osx-arm64/bzip2-1.0.8-h99b78c6_7.conda
https://conda.anaconda.org/conda-forge/osx-arm64/c-ares-1.34.4-h5505292_0.conda
https://conda.anaconda.org/conda-forge/osx-arm64/ca-certificates-2025.1.31-hf0a4a13_0.conda
https://conda.anaconda.org/conda-forge/osx-arm64/cairo-1.18.2-h6a3b0d2_1.conda
https://conda.anaconda.org/conda-forge/noarch/certifi-2025.1.31-pyhd8ed1ab_0.conda
https://conda.anaconda.org/conda-forge/osx-arm64/cffi-1.17.1-py39h7f933ea_0.conda
https://conda.anaconda.org/conda-forge/osx-arm64/cftime-1.6.4-py39h914ef23_1.conda
https://conda.anaconda.org/conda-forge/noarch/click-8.1.8-pyh707e725_0.conda
https://conda.anaconda.org/conda-forge/noarch/click-plugins-1.1.1-pyhd8ed1ab_1.conda
https://conda.anaconda.org/conda-forge/noarch/cligj-0.7.2-pyhd8ed1ab_2.conda
https://conda.anaconda.org/conda-forge/noarch/colorama-0.4.6-pyhd8ed1ab_1.conda
https://conda.anaconda.org/conda-forge/osx-arm64/cyrus-sasl-2.1.27-h60b93bd_7.conda
https://conda.anaconda.org/conda-forge/noarch/dash-2.3.1-pyhd8ed1ab_0.tar.bz2
https://conda.anaconda.org/conda-forge/noarch/dash-bootstrap-components-1.7.1-pyhd8ed1ab_0.conda
https://conda.anaconda.org/iridl/noarch/dash-leaflet-iri-0.0.1-py_0.tar.bz2
https://conda.anaconda.org/conda-forge/osx-arm64/dav1d-1.2.1-hb547adb_0.conda
https://conda.anaconda.org/conda-forge/osx-arm64/dbus-1.13.6-h3818c69_3.tar.bz2
https://conda.anaconda.org/conda-forge/noarch/editables-0.5-pyhd8ed1ab_1.conda
https://conda.anaconda.org/conda-forge/noarch/exceptiongroup-1.2.2-pyhd8ed1ab_1.conda
https://conda.anaconda.org/conda-forge/osx-arm64/expat-2.6.4-h286801f_0.conda
https://conda.anaconda.org/conda-forge/noarch/fasteners-0.19-pyhd8ed1ab_1.conda
https://conda.anaconda.org/conda-forge/osx-arm64/ffmpeg-7.1.0-gpl_h7c3f5a8_110.conda
https://conda.anaconda.org/conda-forge/noarch/flask-2.1.3-pyhd8ed1ab_0.tar.bz2
https://conda.anaconda.org/conda-forge/noarch/flask-compress-1.17-pyhd8ed1ab_1.conda
https://conda.anaconda.org/conda-forge/noarch/font-ttf-dejavu-sans-mono-2.37-hab24e00_0.tar.bz2
https://conda.anaconda.org/conda-forge/noarch/font-ttf-inconsolata-3.000-h77eed37_0.tar.bz2
https://conda.anaconda.org/conda-forge/noarch/font-ttf-source-code-pro-2.038-h77eed37_0.tar.bz2
https://conda.anaconda.org/conda-forge/noarch/font-ttf-ubuntu-0.83-h77eed37_3.conda
https://conda.anaconda.org/conda-forge/osx-arm64/fontconfig-2.15.0-h1383a14_1.conda
https://conda.anaconda.org/conda-forge/noarch/fonts-conda-ecosystem-1-0.tar.bz2
https://conda.anaconda.org/conda-forge/noarch/fonts-conda-forge-1-0.tar.bz2
https://conda.anaconda.org/conda-forge/osx-arm64/freetype-2.12.1-hadb7bae_2.conda
https://conda.anaconda.org/conda-forge/osx-arm64/freexl-2.0.0-h3ab3353_2.conda
https://conda.anaconda.org/conda-forge/osx-arm64/fribidi-1.0.10-h27ca646_0.tar.bz2
https://conda.anaconda.org/conda-forge/osx-arm64/gdk-pixbuf-2.42.12-h7ddc832_0.conda
https://conda.anaconda.org/conda-forge/noarch/geobuf-2.0.0-pyhd8ed1ab_0.conda
https://conda.anaconda.org/conda-forge/osx-arm64/geos-3.13.0-hf9b8971_0.conda
https://conda.anaconda.org/conda-forge/osx-arm64/geotiff-1.7.4-hbef4fa4_0.conda
https://conda.anaconda.org/conda-forge/osx-arm64/giflib-5.2.2-h93a5062_0.conda
https://conda.anaconda.org/conda-forge/osx-arm64/gmp-6.3.0-h7bae524_2.conda
https://conda.anaconda.org/conda-forge/osx-arm64/graphite2-1.3.13-hebf3989_1003.conda
https://conda.anaconda.org/conda-forge/osx-arm64/harfbuzz-10.3.0-hb72c1af_0.conda
https://conda.anaconda.org/conda-forge/noarch/hatchling-1.27.0-pypyhd8ed1ab_0.conda
https://conda.anaconda.org/conda-forge/osx-arm64/hdf4-4.2.15-h2ee6834_7.conda
https://conda.anaconda.org/conda-forge/osx-arm64/hdf5-1.14.4-nompi_ha698983_105.conda
https://conda.anaconda.org/conda-forge/osx-arm64/icu-75.1-hfee45f7_0.conda
https://conda.anaconda.org/conda-forge/osx-arm64/imath-3.1.12-h025cafa_0.conda
https://conda.anaconda.org/conda-forge/noarch/importlib-metadata-8.6.1-pyha770c72_0.conda
https://conda.anaconda.org/conda-forge/noarch/iniconfig-2.0.0-pyhd8ed1ab_1.conda
https://conda.anaconda.org/conda-forge/noarch/itsdangerous-2.2.0-pyhd8ed1ab_1.conda
https://conda.anaconda.org/conda-forge/osx-arm64/jasper-4.2.4-h6c4e4ef_0.conda
https://conda.anaconda.org/conda-forge/noarch/jinja2-3.1.5-pyhd8ed1ab_0.conda
https://conda.anaconda.org/conda-forge/osx-arm64/json-c-0.18-he4178ee_0.conda
https://conda.anaconda.org/conda-forge/osx-arm64/krb5-1.21.3-h237132a_0.conda
https://conda.anaconda.org/conda-forge/osx-arm64/lame-3.100-h1a8c8d9_1003.tar.bz2
https://conda.anaconda.org/conda-forge/osx-arm64/lerc-4.0.0-h9a09cb3_0.tar.bz2
https://conda.anaconda.org/conda-forge/osx-arm64/libabseil-20240722.0-cxx17_h07bc746_4.conda
https://conda.anaconda.org/conda-forge/osx-arm64/libaec-1.1.3-hebf3989_0.conda
https://conda.anaconda.org/conda-forge/osx-arm64/libarchive-3.7.7-h3b16cec_3.conda
https://conda.anaconda.org/conda-forge/osx-arm64/libasprintf-0.23.1-h493aca8_0.conda
https://conda.anaconda.org/conda-forge/osx-arm64/libass-0.17.3-h16a287c_1.conda
https://conda.anaconda.org/conda-forge/osx-arm64/libavif16-1.1.1-h45b7238_2.conda
https://conda.anaconda.org/conda-forge/osx-arm64/libblas-3.9.0-31_h10e41b3_openblas.conda
https://conda.anaconda.org/conda-forge/osx-arm64/libcblas-3.9.0-31_hb3479ef_openblas.conda
https://conda.anaconda.org/conda-forge/osx-arm64/libcurl-8.12.1-h73640d1_0.conda
https://conda.anaconda.org/conda-forge/osx-arm64/libcxx-19.1.7-ha82da77_0.conda
https://conda.anaconda.org/conda-forge/osx-arm64/libde265-1.0.15-h2ffa867_0.conda
https://conda.anaconda.org/conda-forge/osx-arm64/libdeflate-1.23-hec38601_0.conda
https://conda.anaconda.org/conda-forge/osx-arm64/libedit-3.1.20250104-pl5321hafb1f1b_0.conda
https://conda.anaconda.org/conda-forge/osx-arm64/libev-4.33-h93a5062_2.conda
https://conda.anaconda.org/conda-forge/osx-arm64/libexpat-2.6.4-h286801f_0.conda
https://conda.anaconda.org/conda-forge/osx-arm64/libffi-3.4.2-h3422bc3_5.tar.bz2
https://conda.anaconda.org/conda-forge/osx-arm64/libgdal-core-3.10.2-h9ef0d2d_0.conda
https://conda.anaconda.org/conda-forge/osx-arm64/libgettextpo-0.23.1-h493aca8_0.conda
https://conda.anaconda.org/conda-forge/osx-arm64/libgfortran-5.0.0-13_2_0_hd922786_3.conda
https://conda.anaconda.org/conda-forge/osx-arm64/libgfortran5-13.2.0-hf226fd6_3.conda
https://conda.anaconda.org/conda-forge/osx-arm64/libglib-2.82.2-hdff4504_1.conda
https://conda.anaconda.org/conda-forge/osx-arm64/libheif-1.19.5-gpl_h297b2c4_100.conda
https://conda.anaconda.org/conda-forge/osx-arm64/libhwloc-2.11.2-default_hbce5d74_1001.conda
https://conda.anaconda.org/conda-forge/osx-arm64/libiconv-1.18-hfe07756_1.conda
https://conda.anaconda.org/conda-forge/osx-arm64/libintl-0.23.1-h493aca8_0.conda
https://conda.anaconda.org/conda-forge/osx-arm64/libjpeg-turbo-3.0.0-hb547adb_1.conda
https://conda.anaconda.org/conda-forge/osx-arm64/libkml-1.3.0-he250239_1021.conda
https://conda.anaconda.org/conda-forge/osx-arm64/liblapack-3.9.0-31_hc9a63f6_openblas.conda
https://conda.anaconda.org/conda-forge/osx-arm64/liblapacke-3.9.0-31_hbb7bcf8_openblas.conda
https://conda.anaconda.org/conda-forge/osx-arm64/liblzma-5.6.4-h39f12f2_0.conda
https://conda.anaconda.org/conda-forge/osx-arm64/libnetcdf-4.9.2-nompi_h6569565_116.conda
https://conda.anaconda.org/conda-forge/osx-arm64/libnghttp2-1.64.0-h6d7220d_0.conda
https://conda.anaconda.org/conda-forge/osx-arm64/libntlm-1.8-h5505292_0.conda
https://conda.anaconda.org/conda-forge/osx-arm64/libopenblas-0.3.29-openmp_hf332438_0.conda
https://conda.anaconda.org/conda-forge/osx-arm64/libopencv-4.10.0-headless_py39h08ac26c_15.conda
https://conda.anaconda.org/conda-forge/osx-arm64/libopenvino-2024.6.0-h97facdf_3.conda
https://conda.anaconda.org/conda-forge/osx-arm64/libopenvino-arm-cpu-plugin-2024.6.0-h97facdf_3.conda
https://conda.anaconda.org/conda-forge/osx-arm64/libopenvino-auto-batch-plugin-2024.6.0-h7f72211_3.conda
https://conda.anaconda.org/conda-forge/osx-arm64/libopenvino-auto-plugin-2024.6.0-h7f72211_3.conda
https://conda.anaconda.org/conda-forge/osx-arm64/libopenvino-hetero-plugin-2024.6.0-hd3d436d_3.conda
https://conda.anaconda.org/conda-forge/osx-arm64/libopenvino-ir-frontend-2024.6.0-hd3d436d_3.conda
https://conda.anaconda.org/conda-forge/osx-arm64/libopenvino-onnx-frontend-2024.6.0-h76e6831_3.conda
https://conda.anaconda.org/conda-forge/osx-arm64/libopenvino-paddle-frontend-2024.6.0-h76e6831_3.conda
https://conda.anaconda.org/conda-forge/osx-arm64/libopenvino-pytorch-frontend-2024.6.0-h286801f_3.conda
https://conda.anaconda.org/conda-forge/osx-arm64/libopenvino-tensorflow-frontend-2024.6.0-he275e1d_3.conda
https://conda.anaconda.org/conda-forge/osx-arm64/libopenvino-tensorflow-lite-frontend-2024.6.0-h286801f_3.conda
https://conda.anaconda.org/conda-forge/osx-arm64/libopus-1.3.1-h27ca646_1.tar.bz2
https://conda.anaconda.org/conda-forge/osx-arm64/libpng-1.6.47-h3783ad8_0.conda
https://conda.anaconda.org/conda-forge/osx-arm64/libpq-17.4-h6896619_0.conda
https://conda.anaconda.org/conda-forge/osx-arm64/libprotobuf-5.28.3-h3bd63a1_1.conda
https://conda.anaconda.org/conda-forge/osx-arm64/librsvg-2.58.4-h266df6f_2.conda
https://conda.anaconda.org/conda-forge/osx-arm64/librttopo-1.1.0-ha2cf0f4_17.conda
https://conda.anaconda.org/conda-forge/osx-arm64/libspatialite-5.1.0-hf92fc0a_12.conda
https://conda.anaconda.org/conda-forge/osx-arm64/libsqlite-3.49.1-h3f77e49_1.conda
https://conda.anaconda.org/conda-forge/osx-arm64/libssh2-1.11.1-h9cc3647_0.conda
https://conda.anaconda.org/conda-forge/osx-arm64/libtiff-4.7.0-h551f018_3.conda
https://conda.anaconda.org/conda-forge/osx-arm64/libusb-1.0.27-h93a5062_100.conda
https://conda.anaconda.org/conda-forge/osx-arm64/libvpx-1.14.1-h7bae524_0.conda
https://conda.anaconda.org/conda-forge/osx-arm64/libwebp-base-1.5.0-h2471fea_0.conda
https://conda.anaconda.org/conda-forge/osx-arm64/libxml2-2.13.6-h178c5d8_0.conda
https://conda.anaconda.org/conda-forge/osx-arm64/libzip-1.11.2-h1336266_0.conda
https://conda.anaconda.org/conda-forge/osx-arm64/libzlib-1.3.1-h8359307_2.conda
https://conda.anaconda.org/conda-forge/osx-arm64/llvm-openmp-19.1.7-hdb05f8b_0.conda
https://conda.anaconda.org/conda-forge/osx-arm64/lz4-c-1.10.0-h286801f_1.conda
https://conda.anaconda.org/conda-forge/osx-arm64/lzo-2.10-h93a5062_1001.conda
https://conda.anaconda.org/conda-forge/osx-arm64/markupsafe-3.0.2-py39hefdd603_1.conda
https://conda.anaconda.org/conda-forge/osx-arm64/minizip-4.0.7-hff1a8ea_3.conda
https://conda.anaconda.org/conda-forge/osx-arm64/msgpack-python-1.1.0-py39h157d57c_0.conda
https://conda.anaconda.org/conda-forge/noarch/narwhals-1.27.1-pyhd8ed1ab_0.conda
https://conda.anaconda.org/conda-forge/osx-arm64/ncurses-6.5-h5e97a16_3.conda
https://conda.anaconda.org/conda-forge/osx-arm64/netcdf4-1.7.2-nompi_py39h74873c3_101.conda
https://conda.anaconda.org/conda-forge/osx-arm64/numcodecs-0.12.1-py39hbf7db11_1.conda
https://conda.anaconda.org/conda-forge/osx-arm64/numpy-1.24.2-py39hff61c6a_0.conda
https://conda.anaconda.org/conda-forge/osx-arm64/opencv-4.10.0-headless_py39h41223e9_15.conda
https://conda.anaconda.org/conda-forge/osx-arm64/openexr-3.3.2-h360b6eb_1.conda
https://conda.anaconda.org/conda-forge/osx-arm64/openh264-2.5.0-h774163f_0.conda
https://conda.anaconda.org/conda-forge/osx-arm64/openldap-2.6.9-hbe55e7a_0.conda
https://conda.anaconda.org/conda-forge/osx-arm64/openssl-3.4.1-h81ee809_0.conda
https://conda.anaconda.org/conda-forge/noarch/packaging-24.2-pyhd8ed1ab_2.conda
https://conda.anaconda.org/conda-forge/osx-arm64/pandas-1.3.5-py39h7f752ed_0.tar.bz2
https://conda.anaconda.org/conda-forge/osx-arm64/pango-1.56.1-h73f1e88_0.conda
https://conda.anaconda.org/conda-forge/noarch/pathspec-0.12.1-pyhd8ed1ab_1.conda
https://conda.anaconda.org/conda-forge/osx-arm64/pcre2-10.44-h297a79d_2.conda
https://conda.anaconda.org/conda-forge/noarch/pip-25.0.1-pyh8b19718_0.conda
https://conda.anaconda.org/conda-forge/osx-arm64/pixman-0.44.2-h2f9eb0b_0.conda
https://conda.anaconda.org/conda-forge/noarch/plotly-6.0.0-pyhd8ed1ab_0.conda
https://conda.anaconda.org/conda-forge/noarch/pluggy-1.5.0-pyhd8ed1ab_1.conda
https://conda.anaconda.org/conda-forge/osx-arm64/proj-9.5.1-h1318a7e_0.conda
https://conda.anaconda.org/conda-forge/osx-arm64/protobuf-5.28.3-py39h941272d_0.conda
https://conda.anaconda.org/conda-forge/osx-arm64/psycopg2-2.9.9-py39hcc1965f_2.conda
https://conda.anaconda.org/conda-forge/osx-arm64/pugixml-1.14-h13dd4ca_0.conda
https://conda.anaconda.org/conda-forge/osx-arm64/py-opencv-4.10.0-headless_py39ha343d68_15.conda
https://conda.anaconda.org/conda-forge/noarch/pycparser-2.22-pyh29332c3_1.conda
https://conda.anaconda.org/conda-forge/noarch/pyparsing-3.2.1-pyhd8ed1ab_0.conda
https://conda.anaconda.org/conda-forge/noarch/pytest-8.3.4-pyhd8ed1ab_1.conda
https://conda.anaconda.org/conda-forge/osx-arm64/python-3.9.21-h5f1b60f_1_cpython.conda
https://conda.anaconda.org/conda-forge/noarch/python-dateutil-2.9.0.post0-pyhff2d567_1.conda
https://conda.anaconda.org/conda-forge/osx-arm64/python_abi-3.9-5_cp39.conda
https://conda.anaconda.org/conda-forge/noarch/pytz-2025.1-pyhd8ed1ab_0.conda
https://conda.anaconda.org/conda-forge/osx-arm64/pyyaml-6.0.2-py39hefdd603_2.conda
https://conda.anaconda.org/conda-forge/osx-arm64/rasterio-1.4.3-py39ha3cb5d6_0.conda
https://conda.anaconda.org/conda-forge/osx-arm64/rav1e-0.6.6-h69fbcac_2.conda
https://conda.anaconda.org/conda-forge/osx-arm64/readline-8.2-h92ec313_1.conda
https://conda.anaconda.org/conda-forge/osx-arm64/sdl2-2.32.50-h994913f_0.conda
https://conda.anaconda.org/conda-forge/osx-arm64/sdl3-3.2.4-he842692_0.conda
https://conda.anaconda.org/conda-forge/osx-arm64/setuptools-59.8.0-py39h2804cbe_1.tar.bz2
https://conda.anaconda.org/conda-forge/osx-arm64/shapely-2.0.7-py39hd9a2305_0.conda
https://conda.anaconda.org/conda-forge/noarch/six-1.17.0-pyhd8ed1ab_0.conda
https://conda.anaconda.org/conda-forge/osx-arm64/snappy-1.2.1-h98b9ce2_1.conda
https://conda.anaconda.org/conda-forge/noarch/snuggs-1.4.7-pyhd8ed1ab_2.conda
https://conda.anaconda.org/conda-forge/osx-arm64/sqlite-3.49.1-hd7222ec_1.conda
https://conda.anaconda.org/conda-forge/osx-arm64/svt-av1-2.3.0-hf24288c_0.conda
https://conda.anaconda.org/conda-forge/osx-arm64/tbb-2022.0.0-h0cbf7ec_0.conda
https://conda.anaconda.org/conda-forge/osx-arm64/tk-8.6.13-h5083fa2_1.conda
https://conda.anaconda.org/conda-forge/noarch/tomli-2.2.1-pyhd8ed1ab_1.conda
https://conda.anaconda.org/conda-forge/noarch/trove-classifiers-2025.2.18.16-pyhd8ed1ab_0.conda
https://conda.anaconda.org/conda-forge/noarch/tzdata-2025a-h78e105d_0.conda
https://conda.anaconda.org/conda-forge/osx-arm64/uriparser-0.9.8-h00cdb27_0.conda
https://conda.anaconda.org/conda-forge/noarch/werkzeug-2.0.3-pyhd8ed1ab_1.tar.bz2
https://conda.anaconda.org/conda-forge/noarch/wheel-0.45.1-pyhd8ed1ab_1.conda
https://conda.anaconda.org/conda-forge/osx-arm64/x264-1!164.3095-h57fd34a_2.tar.bz2
https://conda.anaconda.org/conda-forge/osx-arm64/x265-3.5-hbc6ce65_3.tar.bz2
https://conda.anaconda.org/conda-forge/noarch/xarray-2023.1.0-pyhd8ed1ab_0.conda
https://conda.anaconda.org/conda-forge/osx-arm64/xerces-c-3.2.5-h92fc2f4_2.conda
https://conda.anaconda.org/conda-forge/osx-arm64/yaml-0.2.5-h3422bc3_2.tar.bz2
https://conda.anaconda.org/conda-forge/noarch/zarr-2.18.2-pyhd8ed1ab_0.conda
https://conda.anaconda.org/conda-forge/noarch/zipp-3.21.0-pyhd8ed1ab_1.conda
https://conda.anaconda.org/conda-forge/osx-arm64/zlib-1.3.1-h8359307_2.conda
https://conda.anaconda.org/conda-forge/osx-arm64/zstandard-0.19.0-py39h02fc5c5_0.tar.bz2
https://conda.anaconda.org/conda-forge/osx-arm64/zstd-1.5.7-h6491c7d_0.conda
