# Generated by conda-lock.
# platform: win-64
# input_hash: fc439425e1ded4aa96553f4602cbf97361798634e2bae8148f851713df81f4d4
@EXPLICIT
https://conda.anaconda.org/conda-forge/win-64/ca-certificates-2022.12.7-h5b45459_0.conda#31de4d9887dc8eaed9e6230a5dfbb9d6
https://conda.anaconda.org/conda-forge/noarch/font-ttf-dejavu-sans-mono-2.37-hab24e00_0.tar.bz2#0c96522c6bdaed4b1566d11387caaf45
https://conda.anaconda.org/conda-forge/noarch/font-ttf-inconsolata-3.000-h77eed37_0.tar.bz2#34893075a5c9e55cdafac56607368fc6
https://conda.anaconda.org/conda-forge/noarch/font-ttf-source-code-pro-2.038-h77eed37_0.tar.bz2#4d59c254e01d9cde7957100457e2d5fb
https://conda.anaconda.org/conda-forge/noarch/font-ttf-ubuntu-0.83-hab24e00_0.tar.bz2#19410c3df09dfb12d1206132a1d357c5
https://conda.anaconda.org/conda-forge/win-64/intel-openmp-2023.1.0-h57928b3_46319.conda#dbc4636f419722fbf3ab6501377228ba
https://conda.anaconda.org/conda-forge/win-64/libexpat-2.5.0-h63175ca_1.conda#636cc3cbbd2e28bcfd2f73b2044aac2c
https://conda.anaconda.org/conda-forge/win-64/msys2-conda-epoch-20160418-1.tar.bz2#b0309b72560df66f71a9d5e34a5efdfa
https://conda.anaconda.org/conda-forge/noarch/poppler-data-0.4.12-hd8ed1ab_0.conda#d8d7293c5b37f39b2ac32940621c6592
https://conda.anaconda.org/conda-forge/win-64/python_abi-3.9-3_cp39.conda#c7f654abbee61f9a03f54e9064e79e89
https://conda.anaconda.org/conda-forge/noarch/tzdata-2023c-h71feb2d_0.conda#939e3e74d8be4dac89ce83b20de2492a
https://conda.anaconda.org/conda-forge/win-64/ucrt-10.0.22621.0-h57928b3_0.tar.bz2#72608f6cd3e5898229c3ea16deb1ac43
https://conda.anaconda.org/conda-forge/win-64/expat-2.5.0-h63175ca_1.conda#87c77fe1b445aedb5c6d207dd236fa3e
https://conda.anaconda.org/conda-forge/noarch/fonts-conda-forge-1-0.tar.bz2#f766549260d6815b0c52253f1fb1bb29
https://conda.anaconda.org/conda-forge/win-64/m2w64-gmp-6.1.0-2.tar.bz2#53a1c73e1e3d185516d7e3af177596d9
https://conda.anaconda.org/conda-forge/win-64/m2w64-libwinpthread-git-5.0.0.4634.697f757-2.tar.bz2#774130a326dee16f1ceb05cc687ee4f0
https://conda.anaconda.org/conda-forge/win-64/vc14_runtime-14.34.31931-h5081d32_16.conda#22125178654c6a8a393f9743d585704b
https://conda.anaconda.org/conda-forge/noarch/fonts-conda-ecosystem-1-0.tar.bz2#fee5683a3f04bd15cbd8318b096a27ab
https://conda.anaconda.org/conda-forge/win-64/m2w64-gcc-libs-core-5.3.0-7.tar.bz2#4289d80fb4d272f1f3b56cfe87ac90bd
https://conda.anaconda.org/conda-forge/win-64/vc-14.3-hb25d44b_16.conda#ea326b37e3bd6d2616988e09f3a9396c
https://conda.anaconda.org/conda-forge/win-64/vs2015_runtime-14.34.31931-hed1258a_16.conda#0374eae69b6dbfb27c3dc27167109eb4
https://conda.anaconda.org/conda-forge/win-64/aom-3.5.0-h63175ca_0.tar.bz2#455524d2bf9625a42a1848c0d08ac063
https://conda.anaconda.org/conda-forge/win-64/aws-c-common-0.8.17-hcfcfb64_0.conda#d7ec7e2ccf810bc492c1f29e79127350
https://conda.anaconda.org/conda-forge/win-64/bzip2-1.0.8-h8ffe710_4.tar.bz2#7c03c66026944073040cb19a4f3ec3c9
https://conda.anaconda.org/conda-forge/win-64/c-ares-1.18.1-h8ffe710_0.tar.bz2#6aa55bbdfe054ea36c1c99d3adace8d9
https://conda.anaconda.org/conda-forge/win-64/freeglut-3.2.2-h0e60522_1.tar.bz2#e133a128a76010bd2014de9df32f5bdb
https://conda.anaconda.org/conda-forge/win-64/geos-3.11.2-h1537add_0.conda#fce89f5f79ad360e5c183d0e982da42e
https://conda.anaconda.org/conda-forge/win-64/gflags-2.2.2-ha925a31_1004.tar.bz2#e9442160f56fa442d4ff3eb2e4cf0f22
https://conda.anaconda.org/conda-forge/win-64/graphite2-1.3.13-1000.tar.bz2#8fc0e04e5c852cadf2cad68b86a906ab
https://conda.anaconda.org/conda-forge/win-64/icu-70.1-h0e60522_0.tar.bz2#64073396a905b6df895ab2489fae3847
https://conda.anaconda.org/conda-forge/win-64/jpeg-9e-h8ffe710_2.tar.bz2#733066523147548ce368a9bd0c8395af
https://conda.anaconda.org/conda-forge/win-64/lerc-4.0.0-h63175ca_0.tar.bz2#1900cb3cab5055833cfddb0ba233b074
https://conda.anaconda.org/conda-forge/win-64/libabseil-20230125.0-cxx17_h63175ca_1.conda#768d0974049a1146ff45579a05b112ca
https://conda.anaconda.org/conda-forge/win-64/libaec-1.0.6-h63175ca_1.conda#f98474a8245f55f4a273889dbe7bf193
https://conda.anaconda.org/conda-forge/win-64/libbrotlicommon-1.0.9-hcfcfb64_8.tar.bz2#e8078e37208cd7d3e1eb5053f370ded8
https://conda.anaconda.org/conda-forge/win-64/libcrc32c-1.1.2-h0e60522_0.tar.bz2#cd4cc2d0c610c8cb5419ccc979f2d6ce
https://conda.anaconda.org/conda-forge/win-64/libdeflate-1.17-hcfcfb64_0.conda#ae9dfb57bcb42093a2417aceabb530f7
https://conda.anaconda.org/conda-forge/win-64/libffi-3.4.2-h8ffe710_5.tar.bz2#2c96d1b6915b408893f9472569dee135
https://conda.anaconda.org/conda-forge/win-64/libiconv-1.17-h8ffe710_0.tar.bz2#050119977a86e4856f0416e2edcf81bb
https://conda.anaconda.org/conda-forge/win-64/libjpeg-turbo-2.1.5.1-hcfcfb64_0.conda#f2fad2ae9f1365e343e4329fdb1e9d63
https://conda.anaconda.org/conda-forge/win-64/libogg-1.3.4-h8ffe710_1.tar.bz2#04286d905a0dcb7f7d4a12bdfe02516d
https://conda.anaconda.org/conda-forge/win-64/libopus-1.3.1-h8ffe710_1.tar.bz2#e35a6bcfeb20ea83aab21dfc50ae62a4
https://conda.anaconda.org/conda-forge/win-64/libsqlite-3.40.0-hcfcfb64_1.conda#2832b5d2aa943a96b5046cfab01d2462
https://conda.anaconda.org/conda-forge/win-64/libutf8proc-2.8.0-h82a8f57_0.tar.bz2#076894846fe9f068f91c57d158c90cba
https://conda.anaconda.org/conda-forge/win-64/libwebp-base-1.3.0-hcfcfb64_0.conda#381a3645c51cbf478872899b16490318
https://conda.anaconda.org/conda-forge/win-64/libzlib-1.2.13-hcfcfb64_4.tar.bz2#0cc5c5cc64ee1637f37f8540a175854c
https://conda.anaconda.org/conda-forge/win-64/lz4-c-1.9.4-hcfcfb64_0.conda#e34720eb20a33fc3bfb8451dd837ab7a
https://conda.anaconda.org/conda-forge/win-64/m2w64-gcc-libgfortran-5.3.0-6.tar.bz2#066552ac6b907ec6d72c0ddab29050dc
https://conda.anaconda.org/conda-forge/win-64/openh264-2.3.1-h63175ca_2.conda#76e822d93cdc32b00b61810d3fa030e0
https://conda.anaconda.org/conda-forge/win-64/openssl-3.1.0-hcfcfb64_3.conda#70ef20ae131da584481da2fbc6aa31c8
https://conda.anaconda.org/conda-forge/win-64/pcre-8.45-h0e60522_0.tar.bz2#3cd3948bb5de74ebef93b6be6d8cf0d5
https://conda.anaconda.org/conda-forge/win-64/pixman-0.40.0-h8ffe710_0.tar.bz2#32b45d3fcffddc84cc1a014a0b5f0d58
https://conda.anaconda.org/conda-forge/win-64/pthreads-win32-2.9.1-hfa6e2cd_3.tar.bz2#e2da8758d7d51ff6aa78a14dfb9dbed4
https://conda.anaconda.org/conda-forge/win-64/re2-2023.02.02-h63175ca_0.conda#586130698a48cd88f76e3fba5f091243
https://conda.anaconda.org/conda-forge/win-64/snappy-1.1.10-hfb803bf_0.conda#cff1df79c9cff719460eb2dd172568de
https://conda.anaconda.org/conda-forge/win-64/svt-av1-1.4.1-h63175ca_0.conda#4e0b494c944e58a4de7aed21bb80645c
https://conda.anaconda.org/conda-forge/win-64/tk-8.6.12-h8ffe710_0.tar.bz2#c69a5047cc9291ae40afd4a1ad6f0c0f
https://conda.anaconda.org/conda-forge/win-64/x264-1!164.3095-h8ffe710_2.tar.bz2#19e39905184459760ccb8cf5c75f148b
https://conda.anaconda.org/conda-forge/win-64/x265-3.5-h2d74725_3.tar.bz2#ca7129a334198f08347fb19ac98a2de9
https://conda.anaconda.org/conda-forge/win-64/xerces-c-3.2.4-h63175ca_2.conda#8ba57760b15d0c2493192908317bdf5e
https://conda.anaconda.org/conda-forge/win-64/xz-5.2.6-h8d14728_0.tar.bz2#515d77642eaa3639413c6b1bc3f94219
https://conda.anaconda.org/conda-forge/win-64/yaml-0.2.5-h8ffe710_2.tar.bz2#adbfb9f45d1004a26763652246a33764
https://conda.anaconda.org/conda-forge/win-64/aws-c-cal-0.5.26-h3200b0f_0.conda#84f29af454c05176ee6434d2a2bae48a
https://conda.anaconda.org/conda-forge/win-64/aws-c-compression-0.2.16-h50f2975_6.conda#1fff9d49643537aacf089fd6b22f3636
https://conda.anaconda.org/conda-forge/win-64/aws-c-sdkutils-0.1.9-h50f2975_1.conda#adc1db03fc74dece88d0865fed0e57a7
https://conda.anaconda.org/conda-forge/win-64/aws-checksums-0.1.14-h50f2975_6.conda#b389f700db80eee78f127f2d578f7659
https://conda.anaconda.org/conda-forge/win-64/freexl-1.0.6-h67ca5e6_1.tar.bz2#7ddb6e879c46e78eec37f956b3ffe743
https://conda.anaconda.org/conda-forge/win-64/gettext-0.21.1-h5728263_0.tar.bz2#299d4fd6798a45337042ff5a48219e5f
https://conda.anaconda.org/conda-forge/win-64/glog-0.6.0-h4797de2_0.tar.bz2#fdc11ab9a621f009995e89f52bea3004
https://conda.anaconda.org/conda-forge/win-64/hdf4-4.2.15-h1334946_6.conda#5777b72b13771944e15a839dd617c964
https://conda.anaconda.org/conda-forge/win-64/jasper-4.0.0-h00710e9_1.conda#2eea2d8fc4f3d9ba44bb192661cd96a0
https://conda.anaconda.org/conda-forge/win-64/krb5-1.20.1-heb0366b_0.conda#a07b05ee8f451ab15698397185efe989
https://conda.anaconda.org/conda-forge/win-64/libbrotlidec-1.0.9-hcfcfb64_8.tar.bz2#99839d9d81f33afa173c0fa82a702038
https://conda.anaconda.org/conda-forge/win-64/libbrotlienc-1.0.9-hcfcfb64_8.tar.bz2#88e62627120c20289bf8982b15e0a6a1
https://conda.anaconda.org/conda-forge/win-64/libclang13-15.0.7-default_h77d9078_1.conda#799890c6c093e7a64ea0dcb3d4f90115
https://conda.anaconda.org/conda-forge/win-64/libevent-2.1.12-hf43717d_0.conda#4d06233c7e2229aa03aba23d943f6515
https://conda.anaconda.org/conda-forge/win-64/libpng-1.6.39-h19919ed_0.conda#ab6febdb2dbd9c00803609079db4de71
https://conda.anaconda.org/conda-forge/win-64/libprotobuf-3.21.12-h12be248_0.conda#065644957b64030c520c732a0b7eb43d
https://conda.anaconda.org/conda-forge/win-64/librttopo-1.1.0-he1da8c1_13.conda#8b2baf1a9f17576939439cde1f87babe
https://conda.anaconda.org/conda-forge/win-64/libssh2-1.10.0-h9a1e1f7_3.tar.bz2#c2b344e960a173c777bb3ed172c38cd8
https://conda.anaconda.org/conda-forge/win-64/libthrift-0.18.1-h9ce19ad_1.conda#2d11df705700cbf70373826037f8c05a
https://conda.anaconda.org/conda-forge/win-64/libvorbis-1.3.7-h0e60522_0.tar.bz2#e1a22282de0169c93e4ffe6ce6acc212
https://conda.anaconda.org/conda-forge/win-64/libxml2-2.10.4-hc3477c8_0.conda#d9869d2d502cca6b6f73dd7030696b3c
https://conda.anaconda.org/conda-forge/win-64/libzip-1.9.2-h519de47_1.tar.bz2#9c3138e53e36c0c161a23d20db91297b
https://conda.anaconda.org/conda-forge/win-64/m2w64-gcc-libs-5.3.0-7.tar.bz2#fe759119b8b3bfa720b8762c6fdc35de
https://conda.anaconda.org/conda-forge/win-64/pcre2-10.40-h17e33f8_0.tar.bz2#2519de0d9620dc2bc7e19caf6867136d
https://conda.anaconda.org/conda-forge/win-64/python-3.9.16-h4de0772_0_cpython.conda#83b66ea4ff5c437502a06cd2de8cd681
https://conda.anaconda.org/conda-forge/win-64/sqlite-3.40.0-hcfcfb64_1.conda#5eef83db4f6a19d3c4112076822a73e5
https://conda.anaconda.org/conda-forge/win-64/zlib-1.2.13-hcfcfb64_4.tar.bz2#eed9fec3e6d2e8865135b09d24ca040c
https://conda.anaconda.org/conda-forge/win-64/zstd-1.5.2-h12be248_6.conda#62826565682d013b3e2346aaf7bded0e
https://conda.anaconda.org/conda-forge/noarch/affine-2.4.0-pyhd8ed1ab_0.conda#ae5f4ad87126c55ba3f690ef07f81d64
https://conda.anaconda.org/conda-forge/noarch/alabaster-0.7.13-pyhd8ed1ab_0.conda#06006184e203b61d3525f90de394471e
https://conda.anaconda.org/conda-forge/noarch/appdirs-1.4.4-pyh9f0ad1d_0.tar.bz2#5f095bc6454094e96f146491fd03633b
https://conda.anaconda.org/conda-forge/noarch/asciitree-0.3.3-py_2.tar.bz2#c0481c9de49f040272556e2cedf42816
https://conda.anaconda.org/conda-forge/noarch/attrs-23.1.0-pyh71513ae_0.conda#96dc713c727993c72605686c322a9fc8
https://conda.anaconda.org/conda-forge/win-64/aws-c-io-0.13.21-h09d0bb2_3.conda#db7816ad12a6ad9a99bfa054b2d8e8b9
https://conda.anaconda.org/conda-forge/win-64/blosc-1.21.3-hdccc3a2_0.conda#b3fe9abd77808553a7d0a0cbf73b6ec9
https://conda.anaconda.org/conda-forge/win-64/boost-cpp-1.78.0-h9f4b32c_3.conda#09805934b78b0cd1a28d9e72a2a4778b
https://conda.anaconda.org/conda-forge/win-64/brotli-python-1.0.9-py39h99910a6_8.tar.bz2#dbf8ae0a9b59722ebaee4d32e3340238
https://conda.anaconda.org/conda-forge/noarch/cachy-0.3.0-pyhd8ed1ab_1.tar.bz2#5dfee17f24e2dfd18d7392b48c9351e2
https://conda.anaconda.org/conda-forge/noarch/certifi-2022.12.7-pyhd8ed1ab_0.conda#fb9addc3db06e56abe03e0e9f21a63e6
https://conda.anaconda.org/conda-forge/noarch/charset-normalizer-3.1.0-pyhd8ed1ab_0.conda#7fcff9f6f123696e940bda77bd4d6551
https://conda.anaconda.org/conda-forge/noarch/cloudpickle-2.2.1-pyhd8ed1ab_0.conda#b325bfc4cff7d7f8a868f1f7ecc4ed16
https://conda.anaconda.org/conda-forge/noarch/colorama-0.4.6-pyhd8ed1ab_0.tar.bz2#3faab06a954c2a04039983f2c4a50d99
https://conda.anaconda.org/conda-forge/noarch/crashtest-0.4.1-pyhd8ed1ab_0.tar.bz2#709a2295dd907bb34afb57d54320642f
https://conda.anaconda.org/conda-forge/noarch/distlib-0.3.6-pyhd8ed1ab_0.tar.bz2#b65b4d50dbd2d50fa0aeac367ec9eed7
https://conda.anaconda.org/conda-forge/win-64/docutils-0.19-py39hcbf5309_1.tar.bz2#7d4d56a24614c7a919f3a39571997376
https://conda.anaconda.org/conda-forge/noarch/entrypoints-0.4-pyhd8ed1ab_0.tar.bz2#3cf04868fee0a029769bd41f4b2fbf2d
https://conda.anaconda.org/conda-forge/noarch/exceptiongroup-1.1.1-pyhd8ed1ab_0.conda#7312299d7a0ea4993159229b7d2dceb2
https://conda.anaconda.org/conda-forge/noarch/fasteners-0.17.3-pyhd8ed1ab_0.tar.bz2#348e27e78a5e39090031448c72f66d5e
https://conda.anaconda.org/conda-forge/noarch/filelock-3.12.0-pyhd8ed1ab_0.conda#650f18a56f366dbf419c15b543592c2d
https://conda.anaconda.org/conda-forge/win-64/freetype-2.12.1-h546665d_1.conda#1b513009cd012591f3fdc9e03a74ec0a
https://conda.anaconda.org/conda-forge/noarch/fsspec-2023.4.0-pyh1a96a4e_0.conda#a993e42df87a292d8fd7396a2e2a8d75
https://conda.anaconda.org/conda-forge/noarch/heapdict-1.0.1-py_0.tar.bz2#77242bfb1e74a627fb06319b5a2d3b95
https://conda.anaconda.org/conda-forge/noarch/idna-3.4-pyhd8ed1ab_0.tar.bz2#34272b248891bddccc64479f9a7fffed
https://conda.anaconda.org/conda-forge/noarch/imagesize-1.4.1-pyhd8ed1ab_0.tar.bz2#7de5386c8fea29e76b303f37dde4c352
https://conda.anaconda.org/conda-forge/noarch/iniconfig-2.0.0-pyhd8ed1ab_0.conda#f800d2da156d08e289b14e87e43c1ae5
https://conda.anaconda.org/conda-forge/noarch/itsdangerous-2.1.2-pyhd8ed1ab_0.tar.bz2#3c3de74912f11d2b590184f03c7cd09b
https://conda.anaconda.org/conda-forge/win-64/libclang-15.0.7-default_h77d9078_1.conda#bb88f267b895a8156c75ff119670812d
https://conda.anaconda.org/conda-forge/win-64/libcurl-8.0.1-h68f0423_0.conda#181c56e16ce5d1a720ab970a46131770
https://conda.anaconda.org/conda-forge/win-64/libglib-2.76.2-he8f3873_0.conda#fe5f7847f63496b1053fd6e71d12f9c2
https://conda.anaconda.org/conda-forge/win-64/libgrpc-1.54.1-h32da247_0.conda#305487750e614a0f192852840036974c
https://conda.anaconda.org/conda-forge/win-64/libhwloc-2.9.1-h51c2c0f_0.conda#8ec5920f3ed67faa0264a36c0b533ed0
https://conda.anaconda.org/conda-forge/win-64/libpq-15.2-ha9684e8_0.conda#dd4e0f2881b08f08b76c2c4d1763b38a
https://conda.anaconda.org/conda-forge/win-64/libtiff-4.5.0-hc3b8658_5.conda#9415b560deaf13b6c8c22dfd6e596cd3
https://conda.anaconda.org/conda-forge/noarch/locket-1.0.0-pyhd8ed1ab_0.tar.bz2#91e27ef3d05cc772ce627e51cff111c4
https://conda.anaconda.org/conda-forge/noarch/lockfile-0.12.2-py_1.tar.bz2#c104d98e09c47519950cffb8dd5b4f10
https://conda.anaconda.org/conda-forge/win-64/lz4-4.3.2-py39hf617134_0.conda#6102f85df33cac99d21853bc21563150
https://conda.anaconda.org/conda-forge/win-64/markupsafe-2.1.2-py39ha55989b_0.conda#31cc450a9c33c89efce33693e3977b01
https://conda.anaconda.org/conda-forge/noarch/mdurl-0.1.0-pyhd8ed1ab_0.tar.bz2#f8dab71fdc13b1bf29a01248b156d268
https://conda.anaconda.org/conda-forge/noarch/more-itertools-9.1.0-pyhd8ed1ab_0.conda#1698a717f83cfecf644a877c174c84bd
https://conda.anaconda.org/conda-forge/win-64/msgpack-python-1.0.5-py39h1f6ef14_0.conda#b5e111aee8fac27f002b1d71b75da941
https://conda.anaconda.org/conda-forge/win-64/orc-1.8.3-hada7b9e_0.conda#d2c4ea49865e0838df46e74545fb8414
https://conda.anaconda.org/conda-forge/noarch/packaging-23.1-pyhd8ed1ab_0.conda#91cda59e66e1e4afe9476f8ef98f5c30
https://conda.anaconda.org/conda-forge/noarch/pastel-0.2.1-pyhd8ed1ab_0.tar.bz2#a4eea5bff523f26442405bc5d1f52adb
https://conda.anaconda.org/conda-forge/noarch/pkginfo-1.9.6-pyhd8ed1ab_0.conda#be1e9f1c65a1ed0f2ae9352fec99db64
https://conda.anaconda.org/conda-forge/noarch/pluggy-1.0.0-pyhd8ed1ab_5.tar.bz2#7d301a0d25f424d96175f810935f0da9
https://conda.anaconda.org/conda-forge/win-64/psutil-5.9.5-py39ha55989b_0.conda#e38e52d2f2725c282f90b054c037947c
https://conda.anaconda.org/conda-forge/win-64/pthread-stubs-0.4-hcd874cb_1001.tar.bz2#a1f820480193ea83582b13249a7e7bd9
https://conda.anaconda.org/conda-forge/noarch/pycparser-2.21-pyhd8ed1ab_0.tar.bz2#076becd9e05608f8dc72757d5f3a91ff
https://conda.anaconda.org/conda-forge/noarch/pygments-2.15.1-pyhd8ed1ab_0.conda#d316679235612869eba305aa7d41d9bf
https://conda.anaconda.org/conda-forge/noarch/pylev-1.4.0-pyhd8ed1ab_0.tar.bz2#edf8651c4379d9d1495ad6229622d150
https://conda.anaconda.org/conda-forge/noarch/pyparsing-3.0.9-pyhd8ed1ab_0.tar.bz2#e8fbc1b54b25f4b08281467bc13b70cc
https://conda.anaconda.org/conda-forge/noarch/pytz-2023.3-pyhd8ed1ab_0.conda#d3076b483092a435832603243567bc31
https://conda.anaconda.org/conda-forge/win-64/pywin32-ctypes-0.2.0-py39hcbf5309_1006.tar.bz2#4f5484721b826d0aee0a5bbca509324b
https://conda.anaconda.org/conda-forge/win-64/pyyaml-6.0-py39ha55989b_5.tar.bz2#03968ff66723b72b793e94033d0fbb2f
https://conda.anaconda.org/conda-forge/win-64/ruamel.yaml.clib-0.2.7-py39ha55989b_1.conda#8fa8215f1f292c521044c355f05ab507
https://conda.anaconda.org/conda-forge/win-64/setuptools-59.8.0-py39hcbf5309_1.tar.bz2#47c36361b12024db7cbd86e28435bc3c
https://conda.anaconda.org/conda-forge/noarch/six-1.16.0-pyh6c4a22f_0.tar.bz2#e5f25f8dbc060e9a8d912e432202afc2
https://conda.anaconda.org/conda-forge/noarch/snowballstemmer-2.2.0-pyhd8ed1ab_0.tar.bz2#4d22a9315e78c6827f806065957d566e
https://conda.anaconda.org/conda-forge/noarch/sortedcontainers-2.4.0-pyhd8ed1ab_0.tar.bz2#6d6552722448103793743dabfbda532d
https://conda.anaconda.org/conda-forge/noarch/sphinxcontrib-applehelp-1.0.4-pyhd8ed1ab_0.conda#5a31a7d564f551d0e6dff52fd8cb5b16
https://conda.anaconda.org/conda-forge/noarch/sphinxcontrib-devhelp-1.0.2-py_0.tar.bz2#68e01cac9d38d0e717cd5c87bc3d2cc9
https://conda.anaconda.org/conda-forge/noarch/sphinxcontrib-htmlhelp-2.0.1-pyhd8ed1ab_0.conda#6c8c4d6eb2325e59290ac6dbbeacd5f0
https://conda.anaconda.org/conda-forge/noarch/sphinxcontrib-jsmath-1.0.1-py_0.tar.bz2#67cd9d9c0382d37479b4d306c369a2d4
https://conda.anaconda.org/conda-forge/noarch/sphinxcontrib-qthelp-1.0.3-py_0.tar.bz2#d01180388e6d1838c3e1ad029590aa7a
https://conda.anaconda.org/conda-forge/noarch/sphinxcontrib-serializinghtml-1.1.5-pyhd8ed1ab_2.tar.bz2#9ff55a0901cf952f05c654394de76bf7
https://conda.anaconda.org/conda-forge/noarch/tblib-1.7.0-pyhd8ed1ab_0.tar.bz2#3d4afc31302aa7be471feb6be048ed76
https://conda.anaconda.org/conda-forge/noarch/tenacity-8.2.2-pyhd8ed1ab_0.conda#7b39e842b52966a99e229739cd4dc36e
https://conda.anaconda.org/conda-forge/noarch/tomli-2.0.1-pyhd8ed1ab_0.tar.bz2#5844808ffab9ebdb694585b50ba02a96
https://conda.anaconda.org/conda-forge/noarch/tomlkit-0.11.8-pyha770c72_0.conda#75838e8556166263a82038b51d01d5f1
https://conda.anaconda.org/conda-forge/noarch/toolz-0.12.0-pyhd8ed1ab_0.tar.bz2#92facfec94bc02d6ccf42e7173831a36
https://conda.anaconda.org/conda-forge/win-64/tornado-6.3-py39ha55989b_0.conda#03f2edaad73a8afdc081dd357f1ad63a
https://conda.anaconda.org/conda-forge/noarch/typing-3.10.0.0-pyhd8ed1ab_0.tar.bz2#e6573ac68718f17b9d4f5c8eda3190f2
https://conda.anaconda.org/conda-forge/noarch/typing_extensions-4.5.0-pyha770c72_0.conda#43e7d9e50261fb11deb76e17d8431aac
https://conda.anaconda.org/conda-forge/noarch/webencodings-0.5.1-py_1.tar.bz2#3563be4c5611a44210d9ba0c16113136
https://conda.anaconda.org/conda-forge/noarch/werkzeug-2.0.3-pyhd8ed1ab_1.tar.bz2#369e03b5f96efd7942c7bc9571d6ff9c
https://conda.anaconda.org/conda-forge/noarch/wheel-0.40.0-pyhd8ed1ab_0.conda#49bb0d9e60ce1db25e151780331bb5f3
https://conda.anaconda.org/conda-forge/noarch/win_inet_pton-1.1.0-pyhd8ed1ab_6.tar.bz2#30878ecc4bd36e8deeea1e3c151b2e0b
https://conda.anaconda.org/conda-forge/win-64/xorg-libxau-1.0.9-hcd874cb_0.tar.bz2#9cef622e75683c17d05ae62d66e69e6c
https://conda.anaconda.org/conda-forge/win-64/xorg-libxdmcp-1.1.3-hcd874cb_0.tar.bz2#46878ebb6b9cbd8afcf8088d7ef00ece
https://conda.anaconda.org/conda-forge/noarch/xyzservices-2023.2.0-pyhd8ed1ab_0.conda#df61644536ee98e50e1e022489588b32
https://conda.anaconda.org/conda-forge/noarch/zict-3.0.0-pyhd8ed1ab_0.conda#cf30c2c15b82aacb07f9c09e28ff2275
https://conda.anaconda.org/conda-forge/noarch/zipp-3.15.0-pyhd8ed1ab_0.conda#13018819ca8f5b7cc675a8faf1f5fedf
https://conda.anaconda.org/conda-forge/win-64/aws-c-event-stream-0.2.20-h03f8742_6.conda#907ebe3826a7bfbdd6fd0feac38b22c7
https://conda.anaconda.org/conda-forge/win-64/aws-c-http-0.7.7-h1ea9cf2_3.conda#321ab873014de6ad2c2169f4d869170b
https://conda.anaconda.org/conda-forge/noarch/babel-2.12.1-pyhd8ed1ab_1.conda#ac432e732804a81ddcf29c92ead57cde
https://conda.anaconda.org/conda-forge/win-64/cffi-1.15.1-py39h68f70e3_3.conda#5e7cb1054cd6f3036a4bdbfe6e23fdfd
https://conda.anaconda.org/conda-forge/win-64/cfitsio-4.2.0-h9ebe7e4_0.conda#cccd314cbeea4f2f70f73c763d9660e8
https://conda.anaconda.org/conda-forge/noarch/click-8.1.3-win_pyhd8ed1ab_2.tar.bz2#6b58680207b526c42dcff68b543803dd
https://conda.anaconda.org/conda-forge/noarch/clikit-0.6.2-pyhd8ed1ab_2.conda#02abb7b66b02e8b9f5a9b05454400087
https://conda.anaconda.org/conda-forge/win-64/curl-8.0.1-h68f0423_0.conda#a5c99edfd34b1bdec51fbff2816f6d0f
https://conda.anaconda.org/conda-forge/win-64/cytoolz-0.12.0-py39ha55989b_1.tar.bz2#1bf852998240d1c7c9c26516c7c1323d
https://conda.anaconda.org/conda-forge/win-64/fontconfig-2.14.2-hbde0cde_0.conda#08767992f1a4f1336a257af1241034bd
https://conda.anaconda.org/conda-forge/win-64/glib-tools-2.76.2-h12be248_0.conda#ac9cf2f57af4c11a3057c8a948e1d308
https://conda.anaconda.org/conda-forge/win-64/hdf5-1.12.2-nompi_h57737ce_101.conda#3e2b84f2f7bcf6915d1baa21e5b1a862
https://conda.anaconda.org/conda-forge/noarch/html5lib-1.1-pyh9f0ad1d_0.tar.bz2#b2355343d6315c892543200231d7154a
https://conda.anaconda.org/conda-forge/noarch/importlib-metadata-6.6.0-pyha770c72_0.conda#f91a5d5175fb7ff2a91952ec7da59cb9
https://conda.anaconda.org/conda-forge/noarch/jaraco.classes-3.2.3-pyhd8ed1ab_0.tar.bz2#31e4a1506968d017229bdb64695013a1
https://conda.anaconda.org/conda-forge/noarch/jinja2-3.1.2-pyhd8ed1ab_1.tar.bz2#c8490ed5c70966d232fdd389d0dbed37
https://conda.anaconda.org/conda-forge/win-64/lcms2-2.15-h3e3b177_1.conda#a76c36ad1b4b87f038d67890122d08ec
https://conda.anaconda.org/conda-forge/win-64/libgoogle-cloud-2.10.0-h00b2bdc_0.conda#3e8df890fb51e78067d405ca6e2f306a
https://conda.anaconda.org/conda-forge/win-64/libkml-1.3.0-hf2ab4e4_1015.tar.bz2#1f50b25e87cefda820cb71fb643bc021
https://conda.anaconda.org/conda-forge/win-64/libxcb-1.13-hcd874cb_1004.tar.bz2#a6d7fd030532378ecb6ba435cd9f8234
https://conda.anaconda.org/conda-forge/noarch/markdown-it-py-2.2.0-pyhd8ed1ab_0.conda#b2928a6c6d52d7e3562b4a59c3214e3a
https://conda.anaconda.org/conda-forge/win-64/openjpeg-2.5.0-ha2aaf27_2.conda#db0490689232e8e38c312281df6f31a2
https://conda.anaconda.org/conda-forge/noarch/partd-1.4.0-pyhd8ed1ab_0.conda#721dab5803ea92ce02ddc4ee50aa0c48
https://conda.anaconda.org/conda-forge/noarch/pip-23.1.2-pyhd8ed1ab_0.conda#7288da0d36821349cf1126e8670292df
https://conda.anaconda.org/conda-forge/noarch/plotly-5.14.1-pyhd8ed1ab_0.conda#f64bedfdb8e3f93ac69b84f530397d0e
https://conda.anaconda.org/conda-forge/win-64/postgresql-15.2-hd87cd2b_0.conda#9148e8b6b7ec9e7dedf9bf9987f606cd
https://conda.anaconda.org/conda-forge/win-64/proj-9.1.1-heca977f_2.conda#eb88b5bc4d13493971408c3131022aec
https://conda.anaconda.org/conda-forge/win-64/protobuf-4.21.12-py39h99910a6_0.conda#5336f718b1bd02058a244f59f4e85dd5
https://conda.anaconda.org/conda-forge/win-64/psycopg2-2.9.3-py39h0213f17_2.conda#c964f0d4c06f9482100843540d25a680
https://conda.anaconda.org/conda-forge/noarch/pysocks-1.7.1-pyh0701188_6.tar.bz2#56cd9fe388baac0e90c7149cfac95b60
https://conda.anaconda.org/conda-forge/noarch/python-dateutil-2.8.2-pyhd8ed1ab_0.tar.bz2#dd999d1cc9f79e67dbb855c8924c7984
https://conda.anaconda.org/conda-forge/win-64/ruamel.yaml-0.17.22-py39ha55989b_0.conda#50ce993e6b747262d1f1b9690ed20df5
https://conda.anaconda.org/conda-forge/win-64/tbb-2021.9.0-h91493d7_0.conda#6aa3f1becefeaa00a4d2a79b2a478aee
https://conda.anaconda.org/conda-forge/noarch/typing-extensions-4.5.0-hd8ed1ab_0.conda#b3c594fde1a80a1fc3eb9cc4a5dfe392
https://conda.anaconda.org/conda-forge/win-64/aws-c-auth-0.6.26-h0e8f9f7_6.conda#aa2a2160537e0fd37e868efc27f004ff
https://conda.anaconda.org/conda-forge/win-64/aws-c-mqtt-0.8.6-h9028ce9_15.conda#add22739a706feb1e5c2e75297b0ba54
https://conda.anaconda.org/conda-forge/win-64/brotlipy-0.7.0-py39ha55989b_1005.tar.bz2#5ffea1498e831c783af65e274d6c58f5
https://conda.anaconda.org/conda-forge/win-64/cairo-1.16.0-hd694305_1014.tar.bz2#91f08ed9ff25a969ddd06237454dae0d
https://conda.anaconda.org/conda-forge/noarch/click-default-group-1.2.2-pyhd8ed1ab_1.tar.bz2#72a46ffc25701c173932fd55cf0965d3
https://conda.anaconda.org/conda-forge/noarch/click-plugins-1.1.1-py_0.tar.bz2#4fd2c6b53934bd7d96d1f3fdaf99b79f
https://conda.anaconda.org/conda-forge/noarch/cligj-0.7.2-pyhd8ed1ab_1.tar.bz2#a29b7c141d6b2de4bb67788a5f107734
https://conda.anaconda.org/conda-forge/win-64/cryptography-40.0.2-py39hb6bd5e6_0.conda#1b8c99e9919ebfb79a9b2276005a607c
https://conda.anaconda.org/conda-forge/win-64/ffmpeg-5.1.2-gpl_h5b1d025_107.conda#3e0e99ea6928dc643f5bdf4b9b5a807b
https://conda.anaconda.org/conda-forge/noarch/flask-2.1.3-pyhd8ed1ab_0.tar.bz2#4b95b1c750d6d737905cdb447f097b9c
https://conda.anaconda.org/conda-forge/noarch/geobuf-1.1.1-pyh9f0ad1d_0.tar.bz2#8e12e8f59e69f137b4e71d59d3c84fdb
https://conda.anaconda.org/conda-forge/win-64/geotiff-1.7.1-hb4c6682_7.conda#00c269145d4c1361fb3e8db3c70b66ec
https://conda.anaconda.org/conda-forge/win-64/glib-2.76.2-h12be248_0.conda#8ac805290141731de88dcacbb4c38762
https://conda.anaconda.org/conda-forge/noarch/importlib_metadata-6.6.0-hd8ed1ab_0.conda#3cbc9615f10a3d471532b83e4250b971
https://conda.anaconda.org/conda-forge/win-64/kealib-1.5.0-h61be68b_0.conda#59e439387b2ca19699b8ce1f077ebe0a
https://conda.anaconda.org/conda-forge/win-64/libnetcdf-4.9.1-nompi_h83fa41b_102.conda#17d37c563b045f12956791bd4cee7975
https://conda.anaconda.org/conda-forge/win-64/libspatialite-5.0.1-h2bb424f_24.conda#af98e5ea5c81ed9e8e6248969e4413bf
https://conda.anaconda.org/conda-forge/noarch/mdit-py-plugins-0.3.5-pyhd8ed1ab_0.conda#9eeb66a24c8f6d950eb55a9f1128da20
https://conda.anaconda.org/conda-forge/win-64/mkl-2022.1.0-h6a75c08_874.tar.bz2#2ff89a7337a9636029b4db9466e9f8e3
https://conda.anaconda.org/conda-forge/win-64/pillow-9.5.0-py39haa1d754_0.conda#ff50915ffd2b0e1901f763be2a1931e1
https://conda.anaconda.org/conda-forge/noarch/platformdirs-3.5.0-pyhd8ed1ab_0.conda#6c36f1c42dd0069b7f23acc74f19be46
https://conda.anaconda.org/conda-forge/win-64/pydantic-1.10.7-py39ha55989b_0.conda#98a88528aad203003d843ef70351a702
https://conda.anaconda.org/conda-forge/noarch/pytest-7.3.1-pyhd8ed1ab_0.conda#547c7de697ec99b494a28ddde185b5a4
https://conda.anaconda.org/conda-forge/win-64/tiledb-2.13.2-h3132609_0.conda#07426c5e1301448738f66686548d41ff
https://conda.anaconda.org/conda-forge/win-64/aws-c-s3-0.2.8-h1059ad0_4.conda#ebc5476457d882839dd2d3b36a0882e7
https://conda.anaconda.org/conda-forge/noarch/dask-core-2023.4.1-pyhd8ed1ab_0.conda#90c1b31ac4d7f6912007534a761de086
https://conda.anaconda.org/conda-forge/noarch/flask-compress-1.13-pyhd8ed1ab_0.tar.bz2#19a84270d30c5a0dd10780e3d510e33d
https://conda.anaconda.org/conda-forge/win-64/gstreamer-1.22.0-h6b5321d_2.conda#86b8d2490f7068f7b23ab856b7f3139a
https://conda.anaconda.org/conda-forge/win-64/harfbuzz-6.0.0-he256f1b_0.conda#15422d4ff786ed835173cfb8e6735679
https://conda.anaconda.org/conda-forge/win-64/keyring-23.13.1-py39hcbf5309_0.conda#a18cc6e0aff1726685341f384141ecb5
https://conda.anaconda.org/conda-forge/win-64/libblas-3.9.0-16_win64_mkl.tar.bz2#d2e6f4e86cee2b4e8c27ff6884ccdc61
https://conda.anaconda.org/conda-forge/win-64/poppler-23.03.0-h934c637_1.conda#d053c7841d291f59edb97316b91ed207
https://conda.anaconda.org/conda-forge/noarch/pyopenssl-23.1.1-pyhd8ed1ab_0.conda#0b34aa3ab7e7ccb1765a03dd9ed29938
https://conda.anaconda.org/conda-forge/noarch/virtualenv-20.23.0-pyhd8ed1ab_0.conda#a920e114c4c2ced2280e266da65ab5e6
https://conda.anaconda.org/conda-forge/win-64/aws-crt-cpp-0.19.9-hd59d7e4_5.conda#54d4ff0dc2155cbdb2bbf7cbce11abf0
https://conda.anaconda.org/conda-forge/noarch/dash-2.9.3-pyhd8ed1ab_0.conda#80aed7bf7f7c881c24558e6313bfbe5a
https://conda.anaconda.org/conda-forge/win-64/gst-plugins-base-1.22.0-h001b923_2.conda#6118a66a6c156d20a703d916aadbe388
https://conda.anaconda.org/conda-forge/win-64/libcblas-3.9.0-16_win64_mkl.tar.bz2#14c2fb03b2bb14dfa3806186ca91d557
https://conda.anaconda.org/conda-forge/win-64/libgdal-3.6.3-hd256549_1.conda#754a94c93e7573d6521b94103f973b88
https://conda.anaconda.org/conda-forge/win-64/liblapack-3.9.0-16_win64_mkl.tar.bz2#be2f9d5712a5bb05cd900005ee752a05
https://conda.anaconda.org/conda-forge/noarch/urllib3-1.26.15-pyhd8ed1ab_0.conda#27db656619a55d727eaf5a6ece3d2fd6
https://conda.anaconda.org/conda-forge/win-64/aws-sdk-cpp-1.10.57-h44051fd_10.conda#fb9bf05f5f66c6fd4ef4867287647094
https://conda.anaconda.org/conda-forge/noarch/dash-bootstrap-components-1.4.1-pyhd8ed1ab_0.conda#488b48160d23fe26f66fac447ae8a6ae
https://conda.anaconda.org/conda-forge/noarch/dash-leaflet-0.1.23-pyhd8ed1ab_0.tar.bz2#e2b8a722cbd53064e931e7aa5ef30cc2
https://conda.anaconda.org/conda-forge/noarch/distributed-2023.4.1-pyhd8ed1ab_0.conda#b144ca6ece5438b923207fa7410289e5
https://conda.anaconda.org/conda-forge/win-64/liblapacke-3.9.0-16_win64_mkl.tar.bz2#983e827b7c9562075c2e74d596d056c1
https://conda.anaconda.org/conda-forge/win-64/numpy-1.24.3-py39h816b6a6_0.conda#9b48d066a664d421b1db4e0bfeaf8e3b
https://conda.anaconda.org/conda-forge/win-64/qt-main-5.15.8-h88fe7eb_7.conda#e3428bb2c38bb338c6421d81647a9865
https://conda.anaconda.org/conda-forge/noarch/requests-2.29.0-pyhd8ed1ab_0.conda#5fa992d972fbccfc069161805122cb8d
https://conda.anaconda.org/conda-forge/win-64/bottleneck-1.3.7-py39hc266a54_0.conda#e2f6429418545224ec5139c69208012d
https://conda.anaconda.org/conda-forge/noarch/cachecontrol-0.12.11-pyhd8ed1ab_1.conda#e8f0410e0aa03342304357c5cc3bb75d
https://conda.anaconda.org/conda-forge/win-64/cftime-1.6.2-py39hc266a54_1.tar.bz2#2ac76c76fae9ed6163c9755b7adb380c
https://conda.anaconda.org/conda-forge/win-64/contourpy-1.0.7-py39h1f6ef14_0.conda#a9349020a5d31dc6eed3580e35f5f45a
https://conda.anaconda.org/conda-forge/noarch/ensureconda-1.4.3-pyhd8ed1ab_0.tar.bz2#c99ae3abf501990769047b4b40a98f17
https://conda.anaconda.org/conda-forge/win-64/libarrow-12.0.0-h91bed3e_1_cpu.conda#ed4418414a49de432859bce4ab864f64
https://conda.anaconda.org/conda-forge/win-64/libopencv-4.7.0-py39h9cd8f82_2.conda#63d3d7ada0860509a342cba0c4be0fb5
https://conda.anaconda.org/conda-forge/win-64/numcodecs-0.11.0-py39h99910a6_1.conda#33fe7db27b798730c407cd6e88c6c605
https://conda.anaconda.org/conda-forge/win-64/pandas-1.3.5-py39h2e25243_0.tar.bz2#5eeed494679a07b25c19621066634aba
https://conda.anaconda.org/conda-forge/noarch/pooch-1.7.0-pyha770c72_3.conda#5936894aade8240c867d292aa0d980c6
https://conda.anaconda.org/conda-forge/win-64/shapely-2.0.1-py39h4440df4_1.conda#b251c9752f21a3e0dc5322be35ffea5f
https://conda.anaconda.org/conda-forge/noarch/snuggs-1.4.7-py_0.tar.bz2#cb83a3d6ecf73f50117635192414426a
https://conda.anaconda.org/conda-forge/noarch/sphinx-6.2.1-pyhd8ed1ab_0.conda#a8b5c0c100cf5421d36e292894868297
https://conda.anaconda.org/conda-forge/win-64/arrow-cpp-12.0.0-h57928b3_1_cpu.conda#7fe85309f46c33dd475b6c6ef2414cdb
https://conda.anaconda.org/conda-forge/noarch/bokeh-3.1.0-pyhd8ed1ab_0.conda#868b97639bbde7d17c420b75b781989d
https://conda.anaconda.org/conda-forge/noarch/cachecontrol-with-filecache-0.12.11-pyhd8ed1ab_1.conda#9df660456c0076d27b802448f7ede78f
https://conda.anaconda.org/conda-forge/noarch/myst-parser-1.0.0-pyhd8ed1ab_0.conda#e559708feb0aed1ae24c518e569ea3eb
https://conda.anaconda.org/conda-forge/win-64/netcdf4-1.6.3-nompi_py39hec31bf5_100.conda#d1fc54301e8b0a48931635bd69385483
https://conda.anaconda.org/conda-forge/win-64/py-opencv-4.7.0-py39h00e5391_2.conda#9912b61052b0dfc0d1d72e35d5976ae3
https://conda.anaconda.org/conda-forge/win-64/rasterio-1.3.6-py39h156e9e9_0.conda#bee12327a16d6424f010cf5a8972b944
https://conda.anaconda.org/conda-forge/win-64/scipy-1.10.1-py39hde5eda1_0.conda#02710751cc763fd5438d0f1da1df25d7
https://conda.anaconda.org/conda-forge/noarch/xarray-2023.1.0-pyhd8ed1ab_0.conda#c11eb03b6f77a0d22ae88c454c940f55
https://conda.anaconda.org/conda-forge/noarch/zarr-2.14.2-pyhd8ed1ab_0.conda#0c5776fe65a12a421d7ddf90411a6c3f
https://conda.anaconda.org/conda-forge/noarch/conda-lock-1.4.0-pyhd8ed1ab_2.conda#e9ecdfe3e7d4f76d67afd65b02a621a0
https://conda.anaconda.org/iri-nextgen/noarch/cptio-1.0.2-cptio.tar.bz2#dfb776ea6c34ccf2b6f558873f634e3e
https://conda.anaconda.org/conda-forge/win-64/opencv-4.7.0-py39hcbf5309_2.conda#7293b497a1187bcee931a35161f40964
https://conda.anaconda.org/conda-forge/noarch/parquet-cpp-1.5.1-2.tar.bz2#79a5f78c42817594ae016a7896521a97
https://conda.anaconda.org/conda-forge/win-64/pyarrow-12.0.0-py39hca4e8af_1_cpu.conda#d107facda400588a2d563b6622d60148
https://conda.anaconda.org/conda-forge/noarch/dask-2023.4.1-pyhd8ed1ab_0.conda#891483ef40e07773a2d17bbffb0870d8
